
Microsoft Visual Studio Solution File, Format Version 12.00
# Visual Studio Version 16
VisualStudioVersion = 16.0.32602.291
MinimumVisualStudioVersion = 10.0.40219.1
Project("{FAE04EC0-301F-11D3-BF4B-00C04F79EFBC}") = "Learn_jQuery_Part-1", "Learn_jQuery_Part-1\Learn_jQuery_Part-1.csproj", "{DE91B213-3280-4EC4-B8BE-F3EF3BA011DB}"
EndProject
Global
	GlobalSection(SolutionConfigurationPlatforms) = preSolution
		Debug|Any CPU = Debug|Any CPU
		Release|Any CPU = Release|Any CPU
	EndGlobalSection
	GlobalSection(ProjectConfigurationPlatforms) = postSolution
		{DE91B213-3280-4EC4-B8BE-F3EF3BA011DB}.Debug|Any CPU.ActiveCfg = Debug|Any CPU
		{DE91B213-3280-4EC4-B8BE-F3EF3BA011DB}.Debug|Any CPU.Build.0 = Debug|Any CPU
		{DE91B213-3280-4EC4-B8BE-F3EF3BA011DB}.Release|Any CPU.ActiveCfg = Release|Any CPU
		{DE91B213-3280-4EC4-B8BE-F3EF3BA011DB}.Release|Any CPU.Build.0 = Release|Any CPU
	EndGlobalSection
	GlobalSection(SolutionProperties) = preSolution
		HideSolutionNode = FALSE
	EndGlobalSection
	GlobalSection(ExtensibilityGlobals) = postSolution
		SolutionGuid = {F642AF6C-7A1E-4925-AC5B-4F436BB45B7E}
	EndGlobalSection
EndGlobal
